
Microsoft Visual Studio Solution File, Format Version 12.00
# Visual Studio Version 17
VisualStudioVersion = 17.6.33829.357
MinimumVisualStudioVersion = 10.0.40219.1
Project("{FAE04EC0-301F-11D3-BF4B-00C04F79EFBC}") = "PetCafe.API", "PetCafe.API\PetCafe.API.csproj", "{46B3E946-1541-4EA5-9DFC-BB33FBF02410}"
EndProject
Global
	GlobalSection(SolutionConfigurationPlatforms) = preSolution
		Debug|Any CPU = Debug|Any CPU
		Release|Any CPU = Release|Any CPU
	EndGlobalSection
	GlobalSection(ProjectConfigurationPlatforms) = postSolution
		{46B3E946-1541-4EA5-9DFC-BB33FBF02410}.Debug|Any CPU.ActiveCfg = Debug|Any CPU
		{46B3E946-1541-4EA5-9DFC-BB33FBF02410}.Debug|Any CPU.Build.0 = Debug|Any CPU
		{46B3E946-1541-4EA5-9DFC-BB33FBF02410}.Release|Any CPU.ActiveCfg = Release|Any CPU
		{46B3E946-1541-4EA5-9DFC-BB33FBF02410}.Release|Any CPU.Build.0 = Release|Any CPU
	EndGlobalSection
	GlobalSection(SolutionProperties) = preSolution
		HideSolutionNode = FALSE
	EndGlobalSection
	GlobalSection(ExtensibilityGlobals) = postSolution
		SolutionGuid = {2CEE248B-3574-4579-99C0-042D1372D4C9}
	EndGlobalSection
EndGlobal
